// !$*UTF8*$!
{
	archiveVersion = 1;
	classes = {
	};
	objectVersion = 51;
	objects = {

/* Begin PBXBuildFile section */
		213B2130E97D8567DF1612A9 /* Pods_tb_fb_tb_fbUITests.framework in Frameworks */ = {isa = PBXBuildFile; fileRef = 2D6BAE6116D45B2375ABA850 /* Pods_tb_fb_tb_fbUITests.framework */; };
		84798691C8808DD9B769CCDB /* Pods_tb_fb.framework in Frameworks */ = {isa = PBXBuildFile; fileRef = 97C49ACD228899F17C19220D /* Pods_tb_fb.framework */; };
		D8B476A07ADD175BD96A093D /* Pods_tb_fb_tb_fbTests.framework in Frameworks */ = {isa = PBXBuildFile; fileRef = D008DB6EFF624BD774FE7A19 /* Pods_tb_fb_tb_fbTests.framework */; };
		E62C53C02371FA8C00825160 /* signInControllerTestCases.swift in Sources */ = {isa = PBXBuildFile; fileRef = E62C53BF2371FA8C00825160 /* signInControllerTestCases.swift */; };
		E62C53C4237C8B5600825160 /* CollectionViewCell.swift in Sources */ = {isa = PBXBuildFile; fileRef = E62C53C3237C8B5600825160 /* CollectionViewCell.swift */; };
		E65E026922964F7300D1212C /* LocalCollection.swift in Sources */ = {isa = PBXBuildFile; fileRef = E65E026822964F7300D1212C /* LocalCollection.swift */; };
		E66B84AA235E60C600535E8F /* TastesTests.swift in Sources */ = {isa = PBXBuildFile; fileRef = E66B84A9235E60C600535E8F /* TastesTests.swift */; };
		E66B84AC2362169B00535E8F /* MasterViewControllerTests.swift in Sources */ = {isa = PBXBuildFile; fileRef = E66B84AB2362169B00535E8F /* MasterViewControllerTests.swift */; };
		E66B84AE236365E300535E8F /* TastesManager.swift in Sources */ = {isa = PBXBuildFile; fileRef = E66B84AD236365E300535E8F /* TastesManager.swift */; };
		E66B84B02363666000535E8F /* TastesManagerTests.swift in Sources */ = {isa = PBXBuildFile; fileRef = E66B84AF2363666000535E8F /* TastesManagerTests.swift */; };
		E66B84B22368B4A800535E8F /* TableViewCellTests.swift in Sources */ = {isa = PBXBuildFile; fileRef = E66B84B12368B4A800535E8F /* TableViewCellTests.swift */; };
		E66B84B42368E23400535E8F /* addViewControllerTests.swift in Sources */ = {isa = PBXBuildFile; fileRef = E66B84B32368E23400535E8F /* addViewControllerTests.swift */; };
		E68A8478232961A6005A3FD6 /* MainViewController.swift in Sources */ = {isa = PBXBuildFile; fileRef = E68A8477232961A6005A3FD6 /* MainViewController.swift */; };
		E68A847A232964EB005A3FD6 /* TableViewCell.swift in Sources */ = {isa = PBXBuildFile; fileRef = E68A8479232964EB005A3FD6 /* TableViewCell.swift */; };
		E68A847D23296784005A3FD6 /* DataService.swift in Sources */ = {isa = PBXBuildFile; fileRef = E68A847C23296784005A3FD6 /* DataService.swift */; };
		E68A847F23299355005A3FD6 /* LoginViewController.swift in Sources */ = {isa = PBXBuildFile; fileRef = E68A847E23299355005A3FD6 /* LoginViewController.swift */; };
		E68A84872332A9E0005A3FD6 /* ResultsTableController.swift in Sources */ = {isa = PBXBuildFile; fileRef = E68A84862332A9E0005A3FD6 /* ResultsTableController.swift */; };
		E68A848D2333E447005A3FD6 /* AddViewController.swift in Sources */ = {isa = PBXBuildFile; fileRef = E68A848C2333E447005A3FD6 /* AddViewController.swift */; };
		E68A848F2333E452005A3FD6 /* SearchViewController.swift in Sources */ = {isa = PBXBuildFile; fileRef = E68A848E2333E452005A3FD6 /* SearchViewController.swift */; };
		E6A0D0022343BA27001211F5 /* addView.swift in Sources */ = {isa = PBXBuildFile; fileRef = E6A0D0012343BA27001211F5 /* addView.swift */; };
		E6C1790E22862027000516D6 /* AppDelegate.swift in Sources */ = {isa = PBXBuildFile; fileRef = E6C1790D22862027000516D6 /* AppDelegate.swift */; };
		E6C1791022862027000516D6 /* MasterViewController.swift in Sources */ = {isa = PBXBuildFile; fileRef = E6C1790F22862027000516D6 /* MasterViewController.swift */; };
		E6C1791322862027000516D6 /* Main.storyboard in Resources */ = {isa = PBXBuildFile; fileRef = E6C1791122862027000516D6 /* Main.storyboard */; };
		E6C1791522862027000516D6 /* Assets.xcassets in Resources */ = {isa = PBXBuildFile; fileRef = E6C1791422862027000516D6 /* Assets.xcassets */; };
		E6C1791822862027000516D6 /* LaunchScreen.storyboard in Resources */ = {isa = PBXBuildFile; fileRef = E6C1791622862027000516D6 /* LaunchScreen.storyboard */; };
		E6C1792322862028000516D6 /* tb_fbTests.swift in Sources */ = {isa = PBXBuildFile; fileRef = E6C1792222862028000516D6 /* tb_fbTests.swift */; };
		E6C1792E22862028000516D6 /* tb_fbUITests.swift in Sources */ = {isa = PBXBuildFile; fileRef = E6C1792D22862028000516D6 /* tb_fbUITests.swift */; };
		E6C1793C228DC2C0000516D6 /* GoogleService-Info.plist in Resources */ = {isa = PBXBuildFile; fileRef = E6C1793B228DC2C0000516D6 /* GoogleService-Info.plist */; };
		E6C1793E228DD79E000516D6 /* MasterTableViewController.swift in Sources */ = {isa = PBXBuildFile; fileRef = E6C1793D228DD79E000516D6 /* MasterTableViewController.swift */; };
		E6C17940228DE911000516D6 /* Tastes.swift in Sources */ = {isa = PBXBuildFile; fileRef = E6C1793F228DE911000516D6 /* Tastes.swift */; };
		E6CA213D23203AEC003DB634 /* styleView.swift in Sources */ = {isa = PBXBuildFile; fileRef = E6CA213C23203AEC003DB634 /* styleView.swift */; };
		E6CA214023203B7F003DB634 /* Constants.swift in Sources */ = {isa = PBXBuildFile; fileRef = E6CA213F23203B7F003DB634 /* Constants.swift */; };
		E6CA214323203D92003DB634 /* RoundButton.swift in Sources */ = {isa = PBXBuildFile; fileRef = E6CA214223203D92003DB634 /* RoundButton.swift */; };
		E6CA214523203F7D003DB634 /* StyleTextField.swift in Sources */ = {isa = PBXBuildFile; fileRef = E6CA214423203F7D003DB634 /* StyleTextField.swift */; };
		E6CA2147232040B1003DB634 /* styleButton.swift in Sources */ = {isa = PBXBuildFile; fileRef = E6CA2146232040B1003DB634 /* styleButton.swift */; };
		E6CA214A2320636F003DB634 /* SignInViewController.swift in Sources */ = {isa = PBXBuildFile; fileRef = E6CA21492320636F003DB634 /* SignInViewController.swift */; };
		E6CCF1A92326C48E00F97069 /* SignUpViewController.swift in Sources */ = {isa = PBXBuildFile; fileRef = E6CCF1A82326C48E00F97069 /* SignUpViewController.swift */; };
		E6CCF1B023280CB700F97069 /* ConstantVal.swift in Sources */ = {isa = PBXBuildFile; fileRef = E6CCF1AF23280CB700F97069 /* ConstantVal.swift */; };
		E6CCF1B2232813B700F97069 /* File.swift in Sources */ = {isa = PBXBuildFile; fileRef = E6CCF1B1232813B700F97069 /* File.swift */; };
		E6CCF1B42328178400F97069 /* helperFunctions.swift in Sources */ = {isa = PBXBuildFile; fileRef = E6CCF1B32328178400F97069 /* helperFunctions.swift */; };
/* End PBXBuildFile section */

/* Begin PBXContainerItemProxy section */
		E6C1791F22862028000516D6 /* PBXContainerItemProxy */ = {
			isa = PBXContainerItemProxy;
			containerPortal = E6C1790222862027000516D6 /* Project object */;
			proxyType = 1;
			remoteGlobalIDString = E6C1790922862027000516D6;
			remoteInfo = tb_fb;
		};
		E6C1792A22862028000516D6 /* PBXContainerItemProxy */ = {
			isa = PBXContainerItemProxy;
			containerPortal = E6C1790222862027000516D6 /* Project object */;
			proxyType = 1;
			remoteGlobalIDString = E6C1790922862027000516D6;
			remoteInfo = tb_fb;
		};
/* End PBXContainerItemProxy section */

/* Begin PBXFileReference section */
		19E39C18BC6EFD2683A1A388 /* Pods-tb_fb-tb_fbUITests.debug.xcconfig */ = {isa = PBXFileReference; includeInIndex = 1; lastKnownFileType = text.xcconfig; name = "Pods-tb_fb-tb_fbUITests.debug.xcconfig"; path = "Target Support Files/Pods-tb_fb-tb_fbUITests/Pods-tb_fb-tb_fbUITests.debug.xcconfig"; sourceTree = "<group>"; };
		2D6BAE6116D45B2375ABA850 /* Pods_tb_fb_tb_fbUITests.framework */ = {isa = PBXFileReference; explicitFileType = wrapper.framework; includeInIndex = 0; path = Pods_tb_fb_tb_fbUITests.framework; sourceTree = BUILT_PRODUCTS_DIR; };
		3E73074D7273FEE440CA25B8 /* Pods-tb_fb-tb_fbTests.debug.xcconfig */ = {isa = PBXFileReference; includeInIndex = 1; lastKnownFileType = text.xcconfig; name = "Pods-tb_fb-tb_fbTests.debug.xcconfig"; path = "Target Support Files/Pods-tb_fb-tb_fbTests/Pods-tb_fb-tb_fbTests.debug.xcconfig"; sourceTree = "<group>"; };
		44F7287FE3F592ADEB884E6D /* Pods-tb_fb-tb_fbTests.release.xcconfig */ = {isa = PBXFileReference; includeInIndex = 1; lastKnownFileType = text.xcconfig; name = "Pods-tb_fb-tb_fbTests.release.xcconfig"; path = "Target Support Files/Pods-tb_fb-tb_fbTests/Pods-tb_fb-tb_fbTests.release.xcconfig"; sourceTree = "<group>"; };
		50A352C47DAC2F0807BC3D42 /* Pods-tb_fb.debug.xcconfig */ = {isa = PBXFileReference; includeInIndex = 1; lastKnownFileType = text.xcconfig; name = "Pods-tb_fb.debug.xcconfig"; path = "Target Support Files/Pods-tb_fb/Pods-tb_fb.debug.xcconfig"; sourceTree = "<group>"; };
		811BB396ABC5F298DF962FCA /* Pods-tb_fb-tb_fbUITests.release.xcconfig */ = {isa = PBXFileReference; includeInIndex = 1; lastKnownFileType = text.xcconfig; name = "Pods-tb_fb-tb_fbUITests.release.xcconfig"; path = "Target Support Files/Pods-tb_fb-tb_fbUITests/Pods-tb_fb-tb_fbUITests.release.xcconfig"; sourceTree = "<group>"; };
		97C49ACD228899F17C19220D /* Pods_tb_fb.framework */ = {isa = PBXFileReference; explicitFileType = wrapper.framework; includeInIndex = 0; path = Pods_tb_fb.framework; sourceTree = BUILT_PRODUCTS_DIR; };
		D008DB6EFF624BD774FE7A19 /* Pods_tb_fb_tb_fbTests.framework */ = {isa = PBXFileReference; explicitFileType = wrapper.framework; includeInIndex = 0; path = Pods_tb_fb_tb_fbTests.framework; sourceTree = BUILT_PRODUCTS_DIR; };
		E62C53BF2371FA8C00825160 /* signInControllerTestCases.swift */ = {isa = PBXFileReference; lastKnownFileType = sourcecode.swift; path = signInControllerTestCases.swift; sourceTree = "<group>"; };
		E62C53C3237C8B5600825160 /* CollectionViewCell.swift */ = {isa = PBXFileReference; lastKnownFileType = sourcecode.swift; path = CollectionViewCell.swift; sourceTree = "<group>"; };
		E65E026822964F7300D1212C /* LocalCollection.swift */ = {isa = PBXFileReference; lastKnownFileType = sourcecode.swift; path = LocalCollection.swift; sourceTree = "<group>"; };
		E66B84A9235E60C600535E8F /* TastesTests.swift */ = {isa = PBXFileReference; lastKnownFileType = sourcecode.swift; path = TastesTests.swift; sourceTree = "<group>"; };
		E66B84AB2362169B00535E8F /* MasterViewControllerTests.swift */ = {isa = PBXFileReference; lastKnownFileType = sourcecode.swift; path = MasterViewControllerTests.swift; sourceTree = "<group>"; };
		E66B84AD236365E300535E8F /* TastesManager.swift */ = {isa = PBXFileReference; lastKnownFileType = sourcecode.swift; path = TastesManager.swift; sourceTree = "<group>"; };
		E66B84AF2363666000535E8F /* TastesManagerTests.swift */ = {isa = PBXFileReference; lastKnownFileType = sourcecode.swift; path = TastesManagerTests.swift; sourceTree = "<group>"; };
		E66B84B12368B4A800535E8F /* TableViewCellTests.swift */ = {isa = PBXFileReference; lastKnownFileType = sourcecode.swift; path = TableViewCellTests.swift; sourceTree = "<group>"; };
		E66B84B32368E23400535E8F /* addViewControllerTests.swift */ = {isa = PBXFileReference; lastKnownFileType = sourcecode.swift; path = addViewControllerTests.swift; sourceTree = "<group>"; };
		E68A8477232961A6005A3FD6 /* MainViewController.swift */ = {isa = PBXFileReference; lastKnownFileType = sourcecode.swift; path = MainViewController.swift; sourceTree = "<group>"; };
		E68A8479232964EB005A3FD6 /* TableViewCell.swift */ = {isa = PBXFileReference; lastKnownFileType = sourcecode.swift; path = TableViewCell.swift; sourceTree = "<group>"; };
		E68A847C23296784005A3FD6 /* DataService.swift */ = {isa = PBXFileReference; lastKnownFileType = sourcecode.swift; path = DataService.swift; sourceTree = "<group>"; };
		E68A847E23299355005A3FD6 /* LoginViewController.swift */ = {isa = PBXFileReference; lastKnownFileType = sourcecode.swift; path = LoginViewController.swift; sourceTree = "<group>"; };
		E68A84862332A9E0005A3FD6 /* ResultsTableController.swift */ = {isa = PBXFileReference; lastKnownFileType = sourcecode.swift; path = ResultsTableController.swift; sourceTree = "<group>"; };
		E68A848C2333E447005A3FD6 /* AddViewController.swift */ = {isa = PBXFileReference; lastKnownFileType = sourcecode.swift; path = AddViewController.swift; sourceTree = "<group>"; };
		E68A848E2333E452005A3FD6 /* SearchViewController.swift */ = {isa = PBXFileReference; lastKnownFileType = sourcecode.swift; path = SearchViewController.swift; sourceTree = "<group>"; };
		E6A0D0012343BA27001211F5 /* addView.swift */ = {isa = PBXFileReference; lastKnownFileType = sourcecode.swift; path = addView.swift; sourceTree = "<group>"; };
		E6C1790A22862027000516D6 /* tb_fb.app */ = {isa = PBXFileReference; explicitFileType = wrapper.application; includeInIndex = 0; path = tb_fb.app; sourceTree = BUILT_PRODUCTS_DIR; };
		E6C1790D22862027000516D6 /* AppDelegate.swift */ = {isa = PBXFileReference; lastKnownFileType = sourcecode.swift; path = AppDelegate.swift; sourceTree = "<group>"; };
		E6C1790F22862027000516D6 /* MasterViewController.swift */ = {isa = PBXFileReference; lastKnownFileType = sourcecode.swift; path = MasterViewController.swift; sourceTree = "<group>"; };
		E6C1791222862027000516D6 /* Base */ = {isa = PBXFileReference; lastKnownFileType = file.storyboard; name = Base; path = Base.lproj/Main.storyboard; sourceTree = "<group>"; };
		E6C1791422862027000516D6 /* Assets.xcassets */ = {isa = PBXFileReference; lastKnownFileType = folder.assetcatalog; path = Assets.xcassets; sourceTree = "<group>"; };
		E6C1791722862027000516D6 /* Base */ = {isa = PBXFileReference; lastKnownFileType = file.storyboard; name = Base; path = Base.lproj/LaunchScreen.storyboard; sourceTree = "<group>"; };
		E6C1791922862027000516D6 /* Info.plist */ = {isa = PBXFileReference; lastKnownFileType = text.plist.xml; path = Info.plist; sourceTree = "<group>"; };
		E6C1791E22862028000516D6 /* tb_fbTests.xctest */ = {isa = PBXFileReference; explicitFileType = wrapper.cfbundle; includeInIndex = 0; path = tb_fbTests.xctest; sourceTree = BUILT_PRODUCTS_DIR; };
		E6C1792222862028000516D6 /* tb_fbTests.swift */ = {isa = PBXFileReference; lastKnownFileType = sourcecode.swift; path = tb_fbTests.swift; sourceTree = "<group>"; };
		E6C1792422862028000516D6 /* Info.plist */ = {isa = PBXFileReference; lastKnownFileType = text.plist.xml; path = Info.plist; sourceTree = "<group>"; };
		E6C1792922862028000516D6 /* tb_fbUITests.xctest */ = {isa = PBXFileReference; explicitFileType = wrapper.cfbundle; includeInIndex = 0; path = tb_fbUITests.xctest; sourceTree = BUILT_PRODUCTS_DIR; };
		E6C1792D22862028000516D6 /* tb_fbUITests.swift */ = {isa = PBXFileReference; lastKnownFileType = sourcecode.swift; path = tb_fbUITests.swift; sourceTree = "<group>"; };
		E6C1792F22862028000516D6 /* Info.plist */ = {isa = PBXFileReference; lastKnownFileType = text.plist.xml; path = Info.plist; sourceTree = "<group>"; };
		E6C1793B228DC2C0000516D6 /* GoogleService-Info.plist */ = {isa = PBXFileReference; fileEncoding = 4; lastKnownFileType = text.plist.xml; path = "GoogleService-Info.plist"; sourceTree = "<group>"; };
		E6C1793D228DD79E000516D6 /* MasterTableViewController.swift */ = {isa = PBXFileReference; lastKnownFileType = sourcecode.swift; path = MasterTableViewController.swift; sourceTree = "<group>"; };
		E6C1793F228DE911000516D6 /* Tastes.swift */ = {isa = PBXFileReference; lastKnownFileType = sourcecode.swift; path = Tastes.swift; sourceTree = "<group>"; };
		E6CA213C23203AEC003DB634 /* styleView.swift */ = {isa = PBXFileReference; lastKnownFileType = sourcecode.swift; path = styleView.swift; sourceTree = "<group>"; };
		E6CA213F23203B7F003DB634 /* Constants.swift */ = {isa = PBXFileReference; lastKnownFileType = sourcecode.swift; path = Constants.swift; sourceTree = "<group>"; };
		E6CA214223203D92003DB634 /* RoundButton.swift */ = {isa = PBXFileReference; lastKnownFileType = sourcecode.swift; path = RoundButton.swift; sourceTree = "<group>"; };
		E6CA214423203F7D003DB634 /* StyleTextField.swift */ = {isa = PBXFileReference; lastKnownFileType = sourcecode.swift; path = StyleTextField.swift; sourceTree = "<group>"; };
		E6CA2146232040B1003DB634 /* styleButton.swift */ = {isa = PBXFileReference; lastKnownFileType = sourcecode.swift; path = styleButton.swift; sourceTree = "<group>"; };
		E6CA21492320636F003DB634 /* SignInViewController.swift */ = {isa = PBXFileReference; lastKnownFileType = sourcecode.swift; path = SignInViewController.swift; sourceTree = "<group>"; };
		E6CCF1A82326C48E00F97069 /* SignUpViewController.swift */ = {isa = PBXFileReference; lastKnownFileType = sourcecode.swift; path = SignUpViewController.swift; sourceTree = "<group>"; };
		E6CCF1AF23280CB700F97069 /* ConstantVal.swift */ = {isa = PBXFileReference; lastKnownFileType = sourcecode.swift; path = ConstantVal.swift; sourceTree = "<group>"; };
		E6CCF1B1232813B700F97069 /* File.swift */ = {isa = PBXFileReference; lastKnownFileType = sourcecode.swift; path = File.swift; sourceTree = "<group>"; };
		E6CCF1B32328178400F97069 /* helperFunctions.swift */ = {isa = PBXFileReference; lastKnownFileType = sourcecode.swift; path = helperFunctions.swift; sourceTree = "<group>"; };
		FD800CC308378BFDECFC2F93 /* Pods-tb_fb.release.xcconfig */ = {isa = PBXFileReference; includeInIndex = 1; lastKnownFileType = text.xcconfig; name = "Pods-tb_fb.release.xcconfig"; path = "Target Support Files/Pods-tb_fb/Pods-tb_fb.release.xcconfig"; sourceTree = "<group>"; };
/* End PBXFileReference section */

/* Begin PBXFrameworksBuildPhase section */
		E6C1790722862027000516D6 /* Frameworks */ = {
			isa = PBXFrameworksBuildPhase;
			buildActionMask = 2147483647;
			files = (
				84798691C8808DD9B769CCDB /* Pods_tb_fb.framework in Frameworks */,
			);
			runOnlyForDeploymentPostprocessing = 0;
		};
		E6C1791B22862028000516D6 /* Frameworks */ = {
			isa = PBXFrameworksBuildPhase;
			buildActionMask = 2147483647;
			files = (
				D8B476A07ADD175BD96A093D /* Pods_tb_fb_tb_fbTests.framework in Frameworks */,
			);
			runOnlyForDeploymentPostprocessing = 0;
		};
		E6C1792622862028000516D6 /* Frameworks */ = {
			isa = PBXFrameworksBuildPhase;
			buildActionMask = 2147483647;
			files = (
				213B2130E97D8567DF1612A9 /* Pods_tb_fb_tb_fbUITests.framework in Frameworks */,
			);
			runOnlyForDeploymentPostprocessing = 0;
		};
/* End PBXFrameworksBuildPhase section */

/* Begin PBXGroup section */
		311DAED60072A8F72B41E088 /* Pods */ = {
			isa = PBXGroup;
			children = (
				50A352C47DAC2F0807BC3D42 /* Pods-tb_fb.debug.xcconfig */,
				FD800CC308378BFDECFC2F93 /* Pods-tb_fb.release.xcconfig */,
				3E73074D7273FEE440CA25B8 /* Pods-tb_fb-tb_fbTests.debug.xcconfig */,
				44F7287FE3F592ADEB884E6D /* Pods-tb_fb-tb_fbTests.release.xcconfig */,
				19E39C18BC6EFD2683A1A388 /* Pods-tb_fb-tb_fbUITests.debug.xcconfig */,
				811BB396ABC5F298DF962FCA /* Pods-tb_fb-tb_fbUITests.release.xcconfig */,
			);
			path = Pods;
			sourceTree = "<group>";
		};
		7F7B8F22C9639FC89D3F8D88 /* Frameworks */ = {
			isa = PBXGroup;
			children = (
				97C49ACD228899F17C19220D /* Pods_tb_fb.framework */,
				D008DB6EFF624BD774FE7A19 /* Pods_tb_fb_tb_fbTests.framework */,
				2D6BAE6116D45B2375ABA850 /* Pods_tb_fb_tb_fbUITests.framework */,
			);
			name = Frameworks;
			sourceTree = "<group>";
		};
		E68A847B2329676A005A3FD6 /* Services */ = {
			isa = PBXGroup;
			children = (
				E68A847C23296784005A3FD6 /* DataService.swift */,
			);
			path = Services;
			sourceTree = "<group>";
		};
		E68A8480233026BC005A3FD6 /* Model */ = {
			isa = PBXGroup;
			children = (
				E6C1793F228DE911000516D6 /* Tastes.swift */,
				E66B84AD236365E300535E8F /* TastesManager.swift */,
			);
			path = Model;
			sourceTree = "<group>";
		};
		E6C1790122862027000516D6 = {
			isa = PBXGroup;
			children = (
				E6C1790C22862027000516D6 /* tb_fb */,
				E6C1792122862028000516D6 /* tb_fbTests */,
				E6C1792C22862028000516D6 /* tb_fbUITests */,
				E6C1790B22862027000516D6 /* Products */,
				311DAED60072A8F72B41E088 /* Pods */,
				7F7B8F22C9639FC89D3F8D88 /* Frameworks */,
			);
			sourceTree = "<group>";
		};
		E6C1790B22862027000516D6 /* Products */ = {
			isa = PBXGroup;
			children = (
				E6C1790A22862027000516D6 /* tb_fb.app */,
				E6C1791E22862028000516D6 /* tb_fbTests.xctest */,
				E6C1792922862028000516D6 /* tb_fbUITests.xctest */,
			);
			name = Products;
			sourceTree = "<group>";
		};
		E6C1790C22862027000516D6 /* tb_fb */ = {
			isa = PBXGroup;
			children = (
				E68A8480233026BC005A3FD6 /* Model */,
				E68A847B2329676A005A3FD6 /* Services */,
				E6CA2148232062FD003DB634 /* Controller */,
				E6CA214123203BDD003DB634 /* View */,
				E6CA213E23203B64003DB634 /* Util */,
				E6C1790D22862027000516D6 /* AppDelegate.swift */,
				E65E026822964F7300D1212C /* LocalCollection.swift */,
				E6C1791122862027000516D6 /* Main.storyboard */,
				E6C1793D228DD79E000516D6 /* MasterTableViewController.swift */,
				E6C1791422862027000516D6 /* Assets.xcassets */,
				E6C1791622862027000516D6 /* LaunchScreen.storyboard */,
				E6C1791922862027000516D6 /* Info.plist */,
				E6C1793B228DC2C0000516D6 /* GoogleService-Info.plist */,
				E6CCF1B1232813B700F97069 /* File.swift */,
			);
			path = tb_fb;
			sourceTree = "<group>";
		};
		E6C1792122862028000516D6 /* tb_fbTests */ = {
			isa = PBXGroup;
			children = (
				E6C1792222862028000516D6 /* tb_fbTests.swift */,
				E66B84A9235E60C600535E8F /* TastesTests.swift */,
				E66B84AB2362169B00535E8F /* MasterViewControllerTests.swift */,
				E6C1792422862028000516D6 /* Info.plist */,
				E66B84AF2363666000535E8F /* TastesManagerTests.swift */,
				E66B84B12368B4A800535E8F /* TableViewCellTests.swift */,
				E66B84B32368E23400535E8F /* addViewControllerTests.swift */,
				E62C53BF2371FA8C00825160 /* signInControllerTestCases.swift */,
			);
			path = tb_fbTests;
			sourceTree = "<group>";
		};
		E6C1792C22862028000516D6 /* tb_fbUITests */ = {
			isa = PBXGroup;
			children = (
				E6C1792D22862028000516D6 /* tb_fbUITests.swift */,
				E6C1792F22862028000516D6 /* Info.plist */,
			);
			path = tb_fbUITests;
			sourceTree = "<group>";
		};
		E6CA213E23203B64003DB634 /* Util */ = {
			isa = PBXGroup;
			children = (
				E6CA213F23203B7F003DB634 /* Constants.swift */,
				E6CCF1AF23280CB700F97069 /* ConstantVal.swift */,
				E6CCF1B32328178400F97069 /* helperFunctions.swift */,
			);
			path = Util;
			sourceTree = "<group>";
		};
		E6CA214123203BDD003DB634 /* View */ = {
			isa = PBXGroup;
			children = (
				E6CA213C23203AEC003DB634 /* styleView.swift */,
				E6CA214223203D92003DB634 /* RoundButton.swift */,
				E6CA214423203F7D003DB634 /* StyleTextField.swift */,
				E6CA2146232040B1003DB634 /* styleButton.swift */,
				E68A8479232964EB005A3FD6 /* TableViewCell.swift */,
				E6A0D0012343BA27001211F5 /* addView.swift */,
				E62C53C3237C8B5600825160 /* CollectionViewCell.swift */,
			);
			path = View;
			sourceTree = "<group>";
		};
		E6CA2148232062FD003DB634 /* Controller */ = {
			isa = PBXGroup;
			children = (
				E6CA21492320636F003DB634 /* SignInViewController.swift */,
				E6CCF1A82326C48E00F97069 /* SignUpViewController.swift */,
				E68A8477232961A6005A3FD6 /* MainViewController.swift */,
				E6C1790F22862027000516D6 /* MasterViewController.swift */,
				E68A84862332A9E0005A3FD6 /* ResultsTableController.swift */,
				E68A847E23299355005A3FD6 /* LoginViewController.swift */,
				E68A848C2333E447005A3FD6 /* AddViewController.swift */,
				E68A848E2333E452005A3FD6 /* SearchViewController.swift */,
			);
			path = Controller;
			sourceTree = "<group>";
		};
/* End PBXGroup section */

/* Begin PBXNativeTarget section */
		E6C1790922862027000516D6 /* tb_fb */ = {
			isa = PBXNativeTarget;
			buildConfigurationList = E6C1793222862028000516D6 /* Build configuration list for PBXNativeTarget "tb_fb" */;
			buildPhases = (
				38BB3184775A95BF02E07DDC /* [CP] Check Pods Manifest.lock */,
				E6C1790622862027000516D6 /* Sources */,
				E6C1790722862027000516D6 /* Frameworks */,
				E6C1790822862027000516D6 /* Resources */,
				9362762A274221066997B2C5 /* [CP] Embed Pods Frameworks */,
				57A6F5164B28502C461CBA41 /* [CP] Copy Pods Resources */,
			);
			buildRules = (
			);
			dependencies = (
			);
			name = tb_fb;
			productName = tb_fb;
			productReference = E6C1790A22862027000516D6 /* tb_fb.app */;
			productType = "com.apple.product-type.application";
		};
		E6C1791D22862028000516D6 /* tb_fbTests */ = {
			isa = PBXNativeTarget;
			buildConfigurationList = E6C1793522862028000516D6 /* Build configuration list for PBXNativeTarget "tb_fbTests" */;
			buildPhases = (
				B90C39C5399F0325223645DC /* [CP] Check Pods Manifest.lock */,
				E6C1791A22862028000516D6 /* Sources */,
				E6C1791B22862028000516D6 /* Frameworks */,
				E6C1791C22862028000516D6 /* Resources */,
				A61482D923CF51027EA8E60E /* [CP] Embed Pods Frameworks */,
				50ECCA6DF5B2E9632EB46064 /* [CP] Copy Pods Resources */,
			);
			buildRules = (
			);
			dependencies = (
				E6C1792022862028000516D6 /* PBXTargetDependency */,
			);
			name = tb_fbTests;
			productName = tb_fbTests;
			productReference = E6C1791E22862028000516D6 /* tb_fbTests.xctest */;
			productType = "com.apple.product-type.bundle.unit-test";
		};
		E6C1792822862028000516D6 /* tb_fbUITests */ = {
			isa = PBXNativeTarget;
			buildConfigurationList = E6C1793822862028000516D6 /* Build configuration list for PBXNativeTarget "tb_fbUITests" */;
			buildPhases = (
				E41ECBD4FEC4CC0098F70FE4 /* [CP] Check Pods Manifest.lock */,
				E6C1792522862028000516D6 /* Sources */,
				E6C1792622862028000516D6 /* Frameworks */,
				E6C1792722862028000516D6 /* Resources */,
				CD31A5BDEF1A98A62AD2C06F /* [CP] Embed Pods Frameworks */,
				0A796EC8C8BEE532EE2F7945 /* [CP] Copy Pods Resources */,
			);
			buildRules = (
			);
			dependencies = (
				E6C1792B22862028000516D6 /* PBXTargetDependency */,
			);
			name = tb_fbUITests;
			productName = tb_fbUITests;
			productReference = E6C1792922862028000516D6 /* tb_fbUITests.xctest */;
			productType = "com.apple.product-type.bundle.ui-testing";
		};
/* End PBXNativeTarget section */

/* Begin PBXProject section */
		E6C1790222862027000516D6 /* Project object */ = {
			isa = PBXProject;
			attributes = {
				LastSwiftUpdateCheck = 1010;
				LastUpgradeCheck = 1010;
				ORGANIZATIONNAME = "Shveta Puri";
				TargetAttributes = {
					E6C1790922862027000516D6 = {
						CreatedOnToolsVersion = 10.1;
					};
					E6C1791D22862028000516D6 = {
						CreatedOnToolsVersion = 10.1;
						TestTargetID = E6C1790922862027000516D6;
					};
					E6C1792822862028000516D6 = {
						CreatedOnToolsVersion = 10.1;
						TestTargetID = E6C1790922862027000516D6;
					};
				};
			};
			buildConfigurationList = E6C1790522862027000516D6 /* Build configuration list for PBXProject "tb_fb" */;
			compatibilityVersion = "Xcode 9.3";
			developmentRegion = en;
			hasScannedForEncodings = 0;
			knownRegions = (
				en,
				Base,
			);
			mainGroup = E6C1790122862027000516D6;
			productRefGroup = E6C1790B22862027000516D6 /* Products */;
			projectDirPath = "";
			projectRoot = "";
			targets = (
				E6C1790922862027000516D6 /* tb_fb */,
				E6C1791D22862028000516D6 /* tb_fbTests */,
				E6C1792822862028000516D6 /* tb_fbUITests */,
			);
		};
/* End PBXProject section */

/* Begin PBXResourcesBuildPhase section */
		E6C1790822862027000516D6 /* Resources */ = {
			isa = PBXResourcesBuildPhase;
			buildActionMask = 2147483647;
			files = (
				E6C1791822862027000516D6 /* LaunchScreen.storyboard in Resources */,
				E6C1791522862027000516D6 /* Assets.xcassets in Resources */,
				E6C1791322862027000516D6 /* Main.storyboard in Resources */,
				E6C1793C228DC2C0000516D6 /* GoogleService-Info.plist in Resources */,
			);
			runOnlyForDeploymentPostprocessing = 0;
		};
		E6C1791C22862028000516D6 /* Resources */ = {
			isa = PBXResourcesBuildPhase;
			buildActionMask = 2147483647;
			files = (
			);
			runOnlyForDeploymentPostprocessing = 0;
		};
		E6C1792722862028000516D6 /* Resources */ = {
			isa = PBXResourcesBuildPhase;
			buildActionMask = 2147483647;
			files = (
			);
			runOnlyForDeploymentPostprocessing = 0;
		};
/* End PBXResourcesBuildPhase section */

/* Begin PBXShellScriptBuildPhase section */
		0A796EC8C8BEE532EE2F7945 /* [CP] Copy Pods Resources */ = {
			isa = PBXShellScriptBuildPhase;
			buildActionMask = 2147483647;
			files = (
			);
			inputFileListPaths = (
				"${PODS_ROOT}/Target Support Files/Pods-tb_fb-tb_fbUITests/Pods-tb_fb-tb_fbUITests-resources-${CONFIGURATION}-input-files.xcfilelist",
			);
			name = "[CP] Copy Pods Resources";
			outputFileListPaths = (
				"${PODS_ROOT}/Target Support Files/Pods-tb_fb-tb_fbUITests/Pods-tb_fb-tb_fbUITests-resources-${CONFIGURATION}-output-files.xcfilelist",
			);
			runOnlyForDeploymentPostprocessing = 0;
			shellPath = /bin/sh;
			shellScript = "\"${PODS_ROOT}/Target Support Files/Pods-tb_fb-tb_fbUITests/Pods-tb_fb-tb_fbUITests-resources.sh\"\n";
			showEnvVarsInLog = 0;
		};
		38BB3184775A95BF02E07DDC /* [CP] Check Pods Manifest.lock */ = {
			isa = PBXShellScriptBuildPhase;
			buildActionMask = 2147483647;
			files = (
			);
			inputFileListPaths = (
			);
			inputPaths = (
				"${PODS_PODFILE_DIR_PATH}/Podfile.lock",
				"${PODS_ROOT}/Manifest.lock",
			);
			name = "[CP] Check Pods Manifest.lock";
			outputFileListPaths = (
			);
			outputPaths = (
				"$(DERIVED_FILE_DIR)/Pods-tb_fb-checkManifestLockResult.txt",
			);
			runOnlyForDeploymentPostprocessing = 0;
			shellPath = /bin/sh;
			shellScript = "diff \"${PODS_PODFILE_DIR_PATH}/Podfile.lock\" \"${PODS_ROOT}/Manifest.lock\" > /dev/null\nif [ $? != 0 ] ; then\n    # print error to STDERR\n    echo \"error: The sandbox is not in sync with the Podfile.lock. Run 'pod install' or update your CocoaPods installation.\" >&2\n    exit 1\nfi\n# This output is used by Xcode 'outputs' to avoid re-running this script phase.\necho \"SUCCESS\" > \"${SCRIPT_OUTPUT_FILE_0}\"\n";
			showEnvVarsInLog = 0;
		};
		50ECCA6DF5B2E9632EB46064 /* [CP] Copy Pods Resources */ = {
			isa = PBXShellScriptBuildPhase;
			buildActionMask = 2147483647;
			files = (
			);
			inputFileListPaths = (
				"${PODS_ROOT}/Target Support Files/Pods-tb_fb-tb_fbTests/Pods-tb_fb-tb_fbTests-resources-${CONFIGURATION}-input-files.xcfilelist",
			);
			name = "[CP] Copy Pods Resources";
			outputFileListPaths = (
				"${PODS_ROOT}/Target Support Files/Pods-tb_fb-tb_fbTests/Pods-tb_fb-tb_fbTests-resources-${CONFIGURATION}-output-files.xcfilelist",
			);
			runOnlyForDeploymentPostprocessing = 0;
			shellPath = /bin/sh;
			shellScript = "\"${PODS_ROOT}/Target Support Files/Pods-tb_fb-tb_fbTests/Pods-tb_fb-tb_fbTests-resources.sh\"\n";
			showEnvVarsInLog = 0;
		};
		57A6F5164B28502C461CBA41 /* [CP] Copy Pods Resources */ = {
			isa = PBXShellScriptBuildPhase;
			buildActionMask = 2147483647;
			files = (
			);
			inputFileListPaths = (
				"${PODS_ROOT}/Target Support Files/Pods-tb_fb/Pods-tb_fb-resources-${CONFIGURATION}-input-files.xcfilelist",
			);
			name = "[CP] Copy Pods Resources";
			outputFileListPaths = (
				"${PODS_ROOT}/Target Support Files/Pods-tb_fb/Pods-tb_fb-resources-${CONFIGURATION}-output-files.xcfilelist",
			);
			runOnlyForDeploymentPostprocessing = 0;
			shellPath = /bin/sh;
			shellScript = "\"${PODS_ROOT}/Target Support Files/Pods-tb_fb/Pods-tb_fb-resources.sh\"\n";
			showEnvVarsInLog = 0;
		};
		9362762A274221066997B2C5 /* [CP] Embed Pods Frameworks */ = {
			isa = PBXShellScriptBuildPhase;
			buildActionMask = 2147483647;
			files = (
			);
			inputFileListPaths = (
				"${PODS_ROOT}/Target Support Files/Pods-tb_fb/Pods-tb_fb-frameworks-${CONFIGURATION}-input-files.xcfilelist",
			);
			name = "[CP] Embed Pods Frameworks";
			outputFileListPaths = (
				"${PODS_ROOT}/Target Support Files/Pods-tb_fb/Pods-tb_fb-frameworks-${CONFIGURATION}-output-files.xcfilelist",
			);
			runOnlyForDeploymentPostprocessing = 0;
			shellPath = /bin/sh;
			shellScript = "\"${PODS_ROOT}/Target Support Files/Pods-tb_fb/Pods-tb_fb-frameworks.sh\"\n";
			showEnvVarsInLog = 0;
		};
		A61482D923CF51027EA8E60E /* [CP] Embed Pods Frameworks */ = {
			isa = PBXShellScriptBuildPhase;
			buildActionMask = 2147483647;
			files = (
			);
			inputFileListPaths = (
				"${PODS_ROOT}/Target Support Files/Pods-tb_fb-tb_fbTests/Pods-tb_fb-tb_fbTests-frameworks-${CONFIGURATION}-input-files.xcfilelist",
			);
			name = "[CP] Embed Pods Frameworks";
			outputFileListPaths = (
				"${PODS_ROOT}/Target Support Files/Pods-tb_fb-tb_fbTests/Pods-tb_fb-tb_fbTests-frameworks-${CONFIGURATION}-output-files.xcfilelist",
			);
			runOnlyForDeploymentPostprocessing = 0;
			shellPath = /bin/sh;
			shellScript = "\"${PODS_ROOT}/Target Support Files/Pods-tb_fb-tb_fbTests/Pods-tb_fb-tb_fbTests-frameworks.sh\"\n";
			showEnvVarsInLog = 0;
		};
		B90C39C5399F0325223645DC /* [CP] Check Pods Manifest.lock */ = {
			isa = PBXShellScriptBuildPhase;
			buildActionMask = 2147483647;
			files = (
			);
			inputFileListPaths = (
			);
			inputPaths = (
				"${PODS_PODFILE_DIR_PATH}/Podfile.lock",
				"${PODS_ROOT}/Manifest.lock",
			);
			name = "[CP] Check Pods Manifest.lock";
			outputFileListPaths = (
			);
			outputPaths = (
				"$(DERIVED_FILE_DIR)/Pods-tb_fb-tb_fbTests-checkManifestLockResult.txt",
			);
			runOnlyForDeploymentPostprocessing = 0;
			shellPath = /bin/sh;
			shellScript = "diff \"${PODS_PODFILE_DIR_PATH}/Podfile.lock\" \"${PODS_ROOT}/Manifest.lock\" > /dev/null\nif [ $? != 0 ] ; then\n    # print error to STDERR\n    echo \"error: The sandbox is not in sync with the Podfile.lock. Run 'pod install' or update your CocoaPods installation.\" >&2\n    exit 1\nfi\n# This output is used by Xcode 'outputs' to avoid re-running this script phase.\necho \"SUCCESS\" > \"${SCRIPT_OUTPUT_FILE_0}\"\n";
			showEnvVarsInLog = 0;
		};
		CD31A5BDEF1A98A62AD2C06F /* [CP] Embed Pods Frameworks */ = {
			isa = PBXShellScriptBuildPhase;
			buildActionMask = 2147483647;
			files = (
			);
			inputFileListPaths = (
				"${PODS_ROOT}/Target Support Files/Pods-tb_fb-tb_fbUITests/Pods-tb_fb-tb_fbUITests-frameworks-${CONFIGURATION}-input-files.xcfilelist",
			);
			name = "[CP] Embed Pods Frameworks";
			outputFileListPaths = (
				"${PODS_ROOT}/Target Support Files/Pods-tb_fb-tb_fbUITests/Pods-tb_fb-tb_fbUITests-frameworks-${CONFIGURATION}-output-files.xcfilelist",
			);
			runOnlyForDeploymentPostprocessing = 0;
			shellPath = /bin/sh;
			shellScript = "\"${PODS_ROOT}/Target Support Files/Pods-tb_fb-tb_fbUITests/Pods-tb_fb-tb_fbUITests-frameworks.sh\"\n";
			showEnvVarsInLog = 0;
		};
		E41ECBD4FEC4CC0098F70FE4 /* [CP] Check Pods Manifest.lock */ = {
			isa = PBXShellScriptBuildPhase;
			buildActionMask = 2147483647;
			files = (
			);
			inputFileListPaths = (
			);
			inputPaths = (
				"${PODS_PODFILE_DIR_PATH}/Podfile.lock",
				"${PODS_ROOT}/Manifest.lock",
			);
			name = "[CP] Check Pods Manifest.lock";
			outputFileListPaths = (
			);
			outputPaths = (
				"$(DERIVED_FILE_DIR)/Pods-tb_fb-tb_fbUITests-checkManifestLockResult.txt",
			);
			runOnlyForDeploymentPostprocessing = 0;
			shellPath = /bin/sh;
			shellScript = "diff \"${PODS_PODFILE_DIR_PATH}/Podfile.lock\" \"${PODS_ROOT}/Manifest.lock\" > /dev/null\nif [ $? != 0 ] ; then\n    # print error to STDERR\n    echo \"error: The sandbox is not in sync with the Podfile.lock. Run 'pod install' or update your CocoaPods installation.\" >&2\n    exit 1\nfi\n# This output is used by Xcode 'outputs' to avoid re-running this script phase.\necho \"SUCCESS\" > \"${SCRIPT_OUTPUT_FILE_0}\"\n";
			showEnvVarsInLog = 0;
		};
/* End PBXShellScriptBuildPhase section */

/* Begin PBXSourcesBuildPhase section */
		E6C1790622862027000516D6 /* Sources */ = {
			isa = PBXSourcesBuildPhase;
			buildActionMask = 2147483647;
			files = (
				E6CA214A2320636F003DB634 /* SignInViewController.swift in Sources */,
				E68A84872332A9E0005A3FD6 /* ResultsTableController.swift in Sources */,
				E6A0D0022343BA27001211F5 /* addView.swift in Sources */,
				E68A848D2333E447005A3FD6 /* AddViewController.swift in Sources */,
				E6CA214323203D92003DB634 /* RoundButton.swift in Sources */,
				E62C53C4237C8B5600825160 /* CollectionViewCell.swift in Sources */,
				E6CA2147232040B1003DB634 /* styleButton.swift in Sources */,
				E6C1791022862027000516D6 /* MasterViewController.swift in Sources */,
				E68A847F23299355005A3FD6 /* LoginViewController.swift in Sources */,
				E6C1793E228DD79E000516D6 /* MasterTableViewController.swift in Sources */,
				E6C1790E22862027000516D6 /* AppDelegate.swift in Sources */,
				E6CCF1A92326C48E00F97069 /* SignUpViewController.swift in Sources */,
				E68A8478232961A6005A3FD6 /* MainViewController.swift in Sources */,
				E65E026922964F7300D1212C /* LocalCollection.swift in Sources */,
				E68A848F2333E452005A3FD6 /* SearchViewController.swift in Sources */,
				E68A847D23296784005A3FD6 /* DataService.swift in Sources */,
				E6CCF1B42328178400F97069 /* helperFunctions.swift in Sources */,
				E6CA214023203B7F003DB634 /* Constants.swift in Sources */,
				E6CCF1B2232813B700F97069 /* File.swift in Sources */,
				E6CA213D23203AEC003DB634 /* styleView.swift in Sources */,
				E6CCF1B023280CB700F97069 /* ConstantVal.swift in Sources */,
				E68A847A232964EB005A3FD6 /* TableViewCell.swift in Sources */,
				E66B84AE236365E300535E8F /* TastesManager.swift in Sources */,
				E6CA214523203F7D003DB634 /* StyleTextField.swift in Sources */,
				E6C17940228DE911000516D6 /* Tastes.swift in Sources */,
			);
			runOnlyForDeploymentPostprocessing = 0;
		};
		E6C1791A22862028000516D6 /* Sources */ = {
			isa = PBXSourcesBuildPhase;
			buildActionMask = 2147483647;
			files = (
				E62C53C02371FA8C00825160 /* signInControllerTestCases.swift in Sources */,
				E66B84AC2362169B00535E8F /* MasterViewControllerTests.swift in Sources */,
				E66B84B22368B4A800535E8F /* TableViewCellTests.swift in Sources */,
				E66B84B02363666000535E8F /* TastesManagerTests.swift in Sources */,
				E6C1792322862028000516D6 /* tb_fbTests.swift in Sources */,
				E66B84B42368E23400535E8F /* addViewControllerTests.swift in Sources */,
				E66B84AA235E60C600535E8F /* TastesTests.swift in Sources */,
			);
			runOnlyForDeploymentPostprocessing = 0;
		};
		E6C1792522862028000516D6 /* Sources */ = {
			isa = PBXSourcesBuildPhase;
			buildActionMask = 2147483647;
			files = (
				E6C1792E22862028000516D6 /* tb_fbUITests.swift in Sources */,
			);
			runOnlyForDeploymentPostprocessing = 0;
		};
/* End PBXSourcesBuildPhase section */

/* Begin PBXTargetDependency section */
		E6C1792022862028000516D6 /* PBXTargetDependency */ = {
			isa = PBXTargetDependency;
			target = E6C1790922862027000516D6 /* tb_fb */;
			targetProxy = E6C1791F22862028000516D6 /* PBXContainerItemProxy */;
		};
		E6C1792B22862028000516D6 /* PBXTargetDependency */ = {
			isa = PBXTargetDependency;
			target = E6C1790922862027000516D6 /* tb_fb */;
			targetProxy = E6C1792A22862028000516D6 /* PBXContainerItemProxy */;
		};
/* End PBXTargetDependency section */

/* Begin PBXVariantGroup section */
		E6C1791122862027000516D6 /* Main.storyboard */ = {
			isa = PBXVariantGroup;
			children = (
				E6C1791222862027000516D6 /* Base */,
			);
			name = Main.storyboard;
			sourceTree = "<group>";
		};
		E6C1791622862027000516D6 /* LaunchScreen.storyboard */ = {
			isa = PBXVariantGroup;
			children = (
				E6C1791722862027000516D6 /* Base */,
			);
			name = LaunchScreen.storyboard;
			sourceTree = "<group>";
		};
/* End PBXVariantGroup section */

/* Begin XCBuildConfiguration section */
		E6C1793022862028000516D6 /* Debug */ = {
			isa = XCBuildConfiguration;
			buildSettings = {
				ALWAYS_SEARCH_USER_PATHS = NO;
				CLANG_ANALYZER_NONNULL = YES;
				CLANG_ANALYZER_NUMBER_OBJECT_CONVERSION = YES_AGGRESSIVE;
				CLANG_CXX_LANGUAGE_STANDARD = "gnu++14";
				CLANG_CXX_LIBRARY = "libc++";
				CLANG_ENABLE_MODULES = YES;
				CLANG_ENABLE_OBJC_ARC = YES;
				CLANG_ENABLE_OBJC_WEAK = YES;
				CLANG_WARN_BLOCK_CAPTURE_AUTORELEASING = YES;
				CLANG_WARN_BOOL_CONVERSION = YES;
				CLANG_WARN_COMMA = YES;
				CLANG_WARN_CONSTANT_CONVERSION = YES;
				CLANG_WARN_DEPRECATED_OBJC_IMPLEMENTATIONS = YES;
				CLANG_WARN_DIRECT_OBJC_ISA_USAGE = YES_ERROR;
				CLANG_WARN_DOCUMENTATION_COMMENTS = YES;
				CLANG_WARN_EMPTY_BODY = YES;
				CLANG_WARN_ENUM_CONVERSION = YES;
				CLANG_WARN_INFINITE_RECURSION = YES;
				CLANG_WARN_INT_CONVERSION = YES;
				CLANG_WARN_NON_LITERAL_NULL_CONVERSION = YES;
				CLANG_WARN_OBJC_IMPLICIT_RETAIN_SELF = YES;
				CLANG_WARN_OBJC_LITERAL_CONVERSION = YES;
				CLANG_WARN_OBJC_ROOT_CLASS = YES_ERROR;
				CLANG_WARN_RANGE_LOOP_ANALYSIS = YES;
				CLANG_WARN_STRICT_PROTOTYPES = YES;
				CLANG_WARN_SUSPICIOUS_MOVE = YES;
				CLANG_WARN_UNGUARDED_AVAILABILITY = YES_AGGRESSIVE;
				CLANG_WARN_UNREACHABLE_CODE = YES;
				CLANG_WARN__DUPLICATE_METHOD_MATCH = YES;
				CODE_SIGN_IDENTITY = "iPhone Developer";
				COPY_PHASE_STRIP = NO;
				DEBUG_INFORMATION_FORMAT = dwarf;
				ENABLE_STRICT_OBJC_MSGSEND = YES;
				ENABLE_TESTABILITY = YES;
				GCC_C_LANGUAGE_STANDARD = gnu11;
				GCC_DYNAMIC_NO_PIC = NO;
				GCC_NO_COMMON_BLOCKS = YES;
				GCC_OPTIMIZATION_LEVEL = 0;
				GCC_PREPROCESSOR_DEFINITIONS = (
					"DEBUG=1",
					"$(inherited)",
				);
				GCC_WARN_64_TO_32_BIT_CONVERSION = YES;
				GCC_WARN_ABOUT_RETURN_TYPE = YES_ERROR;
				GCC_WARN_UNDECLARED_SELECTOR = YES;
				GCC_WARN_UNINITIALIZED_AUTOS = YES_AGGRESSIVE;
				GCC_WARN_UNUSED_FUNCTION = YES;
				GCC_WARN_UNUSED_VARIABLE = YES;
				IPHONEOS_DEPLOYMENT_TARGET = 11.0;
				MTL_ENABLE_DEBUG_INFO = INCLUDE_SOURCE;
				MTL_FAST_MATH = YES;
				ONLY_ACTIVE_ARCH = YES;
				SDKROOT = iphoneos;
				SWIFT_ACTIVE_COMPILATION_CONDITIONS = DEBUG;
				SWIFT_OPTIMIZATION_LEVEL = "-Onone";
			};
			name = Debug;
		};
		E6C1793122862028000516D6 /* Release */ = {
			isa = XCBuildConfiguration;
			buildSettings = {
				ALWAYS_SEARCH_USER_PATHS = NO;
				CLANG_ANALYZER_NONNULL = YES;
				CLANG_ANALYZER_NUMBER_OBJECT_CONVERSION = YES_AGGRESSIVE;
				CLANG_CXX_LANGUAGE_STANDARD = "gnu++14";
				CLANG_CXX_LIBRARY = "libc++";
				CLANG_ENABLE_MODULES = YES;
				CLANG_ENABLE_OBJC_ARC = YES;
				CLANG_ENABLE_OBJC_WEAK = YES;
				CLANG_WARN_BLOCK_CAPTURE_AUTORELEASING = YES;
				CLANG_WARN_BOOL_CONVERSION = YES;
				CLANG_WARN_COMMA = YES;
				CLANG_WARN_CONSTANT_CONVERSION = YES;
				CLANG_WARN_DEPRECATED_OBJC_IMPLEMENTATIONS = YES;
				CLANG_WARN_DIRECT_OBJC_ISA_USAGE = YES_ERROR;
				CLANG_WARN_DOCUMENTATION_COMMENTS = YES;
				CLANG_WARN_EMPTY_BODY = YES;
				CLANG_WARN_ENUM_CONVERSION = YES;
				CLANG_WARN_INFINITE_RECURSION = YES;
				CLANG_WARN_INT_CONVERSION = YES;
				CLANG_WARN_NON_LITERAL_NULL_CONVERSION = YES;
				CLANG_WARN_OBJC_IMPLICIT_RETAIN_SELF = YES;
				CLANG_WARN_OBJC_LITERAL_CONVERSION = YES;
				CLANG_WARN_OBJC_ROOT_CLASS = YES_ERROR;
				CLANG_WARN_RANGE_LOOP_ANALYSIS = YES;
				CLANG_WARN_STRICT_PROTOTYPES = YES;
				CLANG_WARN_SUSPICIOUS_MOVE = YES;
				CLANG_WARN_UNGUARDED_AVAILABILITY = YES_AGGRESSIVE;
				CLANG_WARN_UNREACHABLE_CODE = YES;
				CLANG_WARN__DUPLICATE_METHOD_MATCH = YES;
				CODE_SIGN_IDENTITY = "iPhone Developer";
				COPY_PHASE_STRIP = NO;
				DEBUG_INFORMATION_FORMAT = "dwarf-with-dsym";
				ENABLE_NS_ASSERTIONS = NO;
				ENABLE_STRICT_OBJC_MSGSEND = YES;
				GCC_C_LANGUAGE_STANDARD = gnu11;
				GCC_NO_COMMON_BLOCKS = YES;
				GCC_WARN_64_TO_32_BIT_CONVERSION = YES;
				GCC_WARN_ABOUT_RETURN_TYPE = YES_ERROR;
				GCC_WARN_UNDECLARED_SELECTOR = YES;
				GCC_WARN_UNINITIALIZED_AUTOS = YES_AGGRESSIVE;
				GCC_WARN_UNUSED_FUNCTION = YES;
				GCC_WARN_UNUSED_VARIABLE = YES;
				IPHONEOS_DEPLOYMENT_TARGET = 11.0;
				MTL_ENABLE_DEBUG_INFO = NO;
				MTL_FAST_MATH = YES;
				SDKROOT = iphoneos;
				SWIFT_COMPILATION_MODE = wholemodule;
				SWIFT_OPTIMIZATION_LEVEL = "-O";
				VALIDATE_PRODUCT = YES;
			};
			name = Release;
		};
		E6C1793322862028000516D6 /* Debug */ = {
			isa = XCBuildConfiguration;
			baseConfigurationReference = 50A352C47DAC2F0807BC3D42 /* Pods-tb_fb.debug.xcconfig */;
			buildSettings = {
				ASSETCATALOG_COMPILER_APPICON_NAME = AppIcon;
				CODE_SIGN_STYLE = Automatic;
				DEVELOPMENT_TEAM = VKY67F928Q;
				INFOPLIST_FILE = tb_fb/Info.plist;
				LD_RUNPATH_SEARCH_PATHS = (
					"$(inherited)",
					"@executable_path/Frameworks",
				);
				PRODUCT_BUNDLE_IDENTIFIER = "com.spuri.tb-fb";
				PRODUCT_NAME = "$(TARGET_NAME)";
				SWIFT_VERSION = 4.2;
				TARGETED_DEVICE_FAMILY = "1,2";
			};
			name = Debug;
		};
		E6C1793422862028000516D6 /* Release */ = {
			isa = XCBuildConfiguration;
			baseConfigurationReference = FD800CC308378BFDECFC2F93 /* Pods-tb_fb.release.xcconfig */;
			buildSettings = {
				ASSETCATALOG_COMPILER_APPICON_NAME = AppIcon;
				CODE_SIGN_STYLE = Automatic;
				DEVELOPMENT_TEAM = VKY67F928Q;
				INFOPLIST_FILE = tb_fb/Info.plist;
				LD_RUNPATH_SEARCH_PATHS = (
					"$(inherited)",
					"@executable_path/Frameworks",
				);
				PRODUCT_BUNDLE_IDENTIFIER = "com.spuri.tb-fb";
				PRODUCT_NAME = "$(TARGET_NAME)";
				SWIFT_VERSION = 4.2;
				TARGETED_DEVICE_FAMILY = "1,2";
			};
			name = Release;
		};
		E6C1793622862028000516D6 /* Debug */ = {
			isa = XCBuildConfiguration;
			baseConfigurationReference = 3E73074D7273FEE440CA25B8 /* Pods-tb_fb-tb_fbTests.debug.xcconfig */;
			buildSettings = {
				ALWAYS_EMBED_SWIFT_STANDARD_LIBRARIES = YES;
				BUNDLE_LOADER = "$(TEST_HOST)";
				CODE_SIGN_STYLE = Automatic;
				DEVELOPMENT_TEAM = VKY67F928Q;
				INFOPLIST_FILE = tb_fbTests/Info.plist;
				LD_RUNPATH_SEARCH_PATHS = (
					"$(inherited)",
					"@executable_path/Frameworks",
					"@loader_path/Frameworks",
				);
				PRODUCT_BUNDLE_IDENTIFIER = "com.spuri.tb-fbTests";
				PRODUCT_NAME = "$(TARGET_NAME)";
				SWIFT_VERSION = 4.2;
				TARGETED_DEVICE_FAMILY = "1,2";
				TEST_HOST = "$(BUILT_PRODUCTS_DIR)/tb_fb.app/tb_fb";
			};
			name = Debug;
		};
		E6C1793722862028000516D6 /* Release */ = {
			isa = XCBuildConfiguration;
			baseConfigurationReference = 44F7287FE3F592ADEB884E6D /* Pods-tb_fb-tb_fbTests.release.xcconfig */;
			buildSettings = {
				ALWAYS_EMBED_SWIFT_STANDARD_LIBRARIES = YES;
				BUNDLE_LOADER = "$(TEST_HOST)";
				CODE_SIGN_STYLE = Automatic;
				DEVELOPMENT_TEAM = VKY67F928Q;
				INFOPLIST_FILE = tb_fbTests/Info.plist;
				LD_RUNPATH_SEARCH_PATHS = (
					"$(inherited)",
					"@executable_path/Frameworks",
					"@loader_path/Frameworks",
				);
				PRODUCT_BUNDLE_IDENTIFIER = "com.spuri.tb-fbTests";
				PRODUCT_NAME = "$(TARGET_NAME)";
				SWIFT_VERSION = 4.2;
				TARGETED_DEVICE_FAMILY = "1,2";
				TEST_HOST = "$(BUILT_PRODUCTS_DIR)/tb_fb.app/tb_fb";
			};
			name = Release;
		};
		E6C1793922862028000516D6 /* Debug */ = {
			isa = XCBuildConfiguration;
			baseConfigurationReference = 19E39C18BC6EFD2683A1A388 /* Pods-tb_fb-tb_fbUITests.debug.xcconfig */;
			buildSettings = {
				ALWAYS_EMBED_SWIFT_STANDARD_LIBRARIES = YES;
				CODE_SIGN_STYLE = Automatic;
				DEVELOPMENT_TEAM = VKY67F928Q;
				INFOPLIST_FILE = tb_fbUITests/Info.plist;
				LD_RUNPATH_SEARCH_PATHS = (
					"$(inherited)",
					"@executable_path/Frameworks",
					"@loader_path/Frameworks",
				);
				PRODUCT_BUNDLE_IDENTIFIER = "com.spuri.tb-fbUITests";
				PRODUCT_NAME = "$(TARGET_NAME)";
				SWIFT_VERSION = 4.2;
				TARGETED_DEVICE_FAMILY = "1,2";
				TEST_TARGET_NAME = tb_fb;
			};
			name = Debug;
		};
		E6C1793A22862028000516D6 /* Release */ = {
			isa = XCBuildConfiguration;
			baseConfigurationReference = 811BB396ABC5F298DF962FCA /* Pods-tb_fb-tb_fbUITests.release.xcconfig */;
			buildSettings = {
				ALWAYS_EMBED_SWIFT_STANDARD_LIBRARIES = YES;
				CODE_SIGN_STYLE = Automatic;
				DEVELOPMENT_TEAM = VKY67F928Q;
				INFOPLIST_FILE = tb_fbUITests/Info.plist;
				LD_RUNPATH_SEARCH_PATHS = (
					"$(inherited)",
					"@executable_path/Frameworks",
					"@loader_path/Frameworks",
				);
				PRODUCT_BUNDLE_IDENTIFIER = "com.spuri.tb-fbUITests";
				PRODUCT_NAME = "$(TARGET_NAME)";
				SWIFT_VERSION = 4.2;
				TARGETED_DEVICE_FAMILY = "1,2";
				TEST_TARGET_NAME = tb_fb;
			};
			name = Release;
		};
/* End XCBuildConfiguration section */

/* Begin XCConfigurationList section */
		E6C1790522862027000516D6 /* Build configuration list for PBXProject "tb_fb" */ = {
			isa = XCConfigurationList;
			buildConfigurations = (
				E6C1793022862028000516D6 /* Debug */,
				E6C1793122862028000516D6 /* Release */,
			);
			defaultConfigurationIsVisible = 0;
			defaultConfigurationName = Release;
		};
		E6C1793222862028000516D6 /* Build configuration list for PBXNativeTarget "tb_fb" */ = {
			isa = XCConfigurationList;
			buildConfigurations = (
				E6C1793322862028000516D6 /* Debug */,
				E6C1793422862028000516D6 /* Release */,
			);
			defaultConfigurationIsVisible = 0;
			defaultConfigurationName = Release;
		};
		E6C1793522862028000516D6 /* Build configuration list for PBXNativeTarget "tb_fbTests" */ = {
			isa = XCConfigurationList;
			buildConfigurations = (
				E6C1793622862028000516D6 /* Debug */,
				E6C1793722862028000516D6 /* Release */,
			);
			defaultConfigurationIsVisible = 0;
			defaultConfigurationName = Release;
		};
		E6C1793822862028000516D6 /* Build configuration list for PBXNativeTarget "tb_fbUITests" */ = {
			isa = XCConfigurationList;
			buildConfigurations = (
				E6C1793922862028000516D6 /* Debug */,
				E6C1793A22862028000516D6 /* Release */,
			);
			defaultConfigurationIsVisible = 0;
			defaultConfigurationName = Release;
		};
/* End XCConfigurationList section */
	};
	rootObject = E6C1790222862027000516D6 /* Project object */;
}
